lockfileVersion: '6.0'

settings:
  autoInstallPeers: true
  excludeLinksFromLockfile: false

dependencies:
  '@types/deep-equal':
    specifier: ^1.0.1
    version: 1.0.1
  '@types/node':
    specifier: ^20.4.1
    version: 20.4.1
  '@types/object-hash':
    specifier: ^3.0.2
    version: 3.0.2
  '@types/react':
    specifier: ^18.2.14
    version: 18.2.14
  '@types/react-dom':
    specifier: ^18.2.6
    version: 18.2.6
  '@types/uuid':
    specifier: ^9.0.2
    version: 9.0.2
  deep-equal:
    specifier: ^2.2.2
    version: 2.2.2
  esbuild:
    specifier: ^0.18.11
    version: 0.18.11
  http-proxy:
    specifier: ^1.18.1
    version: 1.18.1
  object-hash:
    specifier: ^3.0.0
    version: 3.0.0
  pixi-viewport:
    specifier: ^5.0.1
    version: 5.0.1
  pixi.js:
    specifier: ^7.2.4
    version: 7.2.4(@pixi/utils@7.2.4)
  react:
    specifier: ^18.2.0
    version: 18.2.0
  react-dom:
    specifier: ^18.2.0
    version: 18.2.0(react@18.2.0)
  typescript:
    specifier: ^5.1.6
    version: 5.1.6
  uuid:
    specifier: ^9.0.0
    version: 9.0.0

packages:

  /@esbuild/android-arm64@0.18.11:
    resolution: {integrity: sha512-snieiq75Z1z5LJX9cduSAjUr7vEI1OdlzFPMw0HH5YI7qQHDd3qs+WZoMrWYDsfRJSq36lIA6mfZBkvL46KoIw==}
    engines: {node: '>=12'}
    cpu: [arm64]
    os: [android]
    requiresBuild: true
    dev: false
    optional: true

  /@esbuild/android-arm@0.18.11:
    resolution: {integrity: sha512-q4qlUf5ucwbUJZXF5tEQ8LF7y0Nk4P58hOsGk3ucY0oCwgQqAnqXVbUuahCddVHfrxmpyewRpiTHwVHIETYu7Q==}
    engines: {node: '>=12'}
    cpu: [arm]
    os: [android]
    requiresBuild: true
    dev: false
    optional: true

  /@esbuild/android-x64@0.18.11:
    resolution: {integrity: sha512-iPuoxQEV34+hTF6FT7om+Qwziv1U519lEOvekXO9zaMMlT9+XneAhKL32DW3H7okrCOBQ44BMihE8dclbZtTuw==}
    engines: {node: '>=12'}
    cpu: [x64]
    os: [android]
    requiresBuild: true
    dev: false
    optional: true

  /@esbuild/darwin-arm64@0.18.11:
    resolution: {integrity: sha512-Gm0QkI3k402OpfMKyQEEMG0RuW2LQsSmI6OeO4El2ojJMoF5NLYb3qMIjvbG/lbMeLOGiW6ooU8xqc+S0fgz2w==}
    engines: {node: '>=12'}
    cpu: [arm64]
    os: [darwin]
    requiresBuild: true
    dev: false
    optional: true

  /@esbuild/darwin-x64@0.18.11:
    resolution: {integrity: sha512-N15Vzy0YNHu6cfyDOjiyfJlRJCB/ngKOAvoBf1qybG3eOq0SL2Lutzz9N7DYUbb7Q23XtHPn6lMDF6uWbGv9Fw==}
    engines: {node: '>=12'}
    cpu: [x64]
    os: [darwin]
    requiresBuild: true
    dev: false
    optional: true

  /@esbuild/freebsd-arm64@0.18.11:
    resolution: {integrity: sha512-atEyuq6a3omEY5qAh5jIORWk8MzFnCpSTUruBgeyN9jZq1K/QI9uke0ATi3MHu4L8c59CnIi4+1jDKMuqmR71A==}
    engines: {node: '>=12'}
    cpu: [arm64]
    os: [freebsd]
    requiresBuild: true
    dev: false
    optional: true

  /@esbuild/freebsd-x64@0.18.11:
    resolution: {integrity: sha512-XtuPrEfBj/YYYnAAB7KcorzzpGTvOr/dTtXPGesRfmflqhA4LMF0Gh/n5+a9JBzPuJ+CGk17CA++Hmr1F/gI0Q==}
    engines: {node: '>=12'}
    cpu: [x64]
    os: [freebsd]
    requiresBuild: true
    dev: false
    optional: true

  /@esbuild/linux-arm64@0.18.11:
    resolution: {integrity: sha512-c6Vh2WS9VFKxKZ2TvJdA7gdy0n6eSy+yunBvv4aqNCEhSWVor1TU43wNRp2YLO9Vng2G+W94aRz+ILDSwAiYog==}
    engines: {node: '>=12'}
    cpu: [arm64]
    os: [linux]
    requiresBuild: true
    dev: false
    optional: true

  /@esbuild/linux-arm@0.18.11:
    resolution: {integrity: sha512-Idipz+Taso/toi2ETugShXjQ3S59b6m62KmLHkJlSq/cBejixmIydqrtM2XTvNCywFl3VC7SreSf6NV0i6sRyg==}
    engines: {node: '>=12'}
    cpu: [arm]
    os: [linux]
    requiresBuild: true
    dev: false
    optional: true

  /@esbuild/linux-ia32@0.18.11:
    resolution: {integrity: sha512-S3hkIF6KUqRh9n1Q0dSyYcWmcVa9Cg+mSoZEfFuzoYXXsk6196qndrM+ZiHNwpZKi3XOXpShZZ+9dfN5ykqjjw==}
    engines: {node: '>=12'}
    cpu: [ia32]
    os: [linux]
    requiresBuild: true
    dev: false
    optional: true

  /@esbuild/linux-loong64@0.18.11:
    resolution: {integrity: sha512-MRESANOoObQINBA+RMZW+Z0TJWpibtE7cPFnahzyQHDCA9X9LOmGh68MVimZlM9J8n5Ia8lU773te6O3ILW8kw==}
    engines: {node: '>=12'}
    cpu: [loong64]
    os: [linux]
    requiresBuild: true
    dev: false
    optional: true

  /@esbuild/linux-mips64el@0.18.11:
    resolution: {integrity: sha512-qVyPIZrXNMOLYegtD1u8EBccCrBVshxMrn5MkuFc3mEVsw7CCQHaqZ4jm9hbn4gWY95XFnb7i4SsT3eflxZsUg==}
    engines: {node: '>=12'}
    cpu: [mips64el]
    os: [linux]
    requiresBuild: true
    dev: false
    optional: true

  /@esbuild/linux-ppc64@0.18.11:
    resolution: {integrity: sha512-T3yd8vJXfPirZaUOoA9D2ZjxZX4Gr3QuC3GztBJA6PklLotc/7sXTOuuRkhE9W/5JvJP/K9b99ayPNAD+R+4qQ==}
    engines: {node: '>=12'}
    cpu: [ppc64]
    os: [linux]
    requiresBuild: true
    dev: false
    optional: true

  /@esbuild/linux-riscv64@0.18.11:
    resolution: {integrity: sha512-evUoRPWiwuFk++snjH9e2cAjF5VVSTj+Dnf+rkO/Q20tRqv+644279TZlPK8nUGunjPAtQRCj1jQkDAvL6rm2w==}
    engines: {node: '>=12'}
    cpu: [riscv64]
    os: [linux]
    requiresBuild: true
    dev: false
    optional: true

  /@esbuild/linux-s390x@0.18.11:
    resolution: {integrity: sha512-/SlRJ15XR6i93gRWquRxYCfhTeC5PdqEapKoLbX63PLCmAkXZHY2uQm2l9bN0oPHBsOw2IswRZctMYS0MijFcg==}
    engines: {node: '>=12'}
    cpu: [s390x]
    os: [linux]
    requiresBuild: true
    dev: false
    optional: true

  /@esbuild/linux-x64@0.18.11:
    resolution: {integrity: sha512-xcncej+wF16WEmIwPtCHi0qmx1FweBqgsRtEL1mSHLFR6/mb3GEZfLQnx+pUDfRDEM4DQF8dpXIW7eDOZl1IbA==}
    engines: {node: '>=12'}
    cpu: [x64]
    os: [linux]
    requiresBuild: true
    dev: false
    optional: true

  /@esbuild/netbsd-x64@0.18.11:
    resolution: {integrity: sha512-aSjMHj/F7BuS1CptSXNg6S3M4F3bLp5wfFPIJM+Km2NfIVfFKhdmfHF9frhiCLIGVzDziggqWll0B+9AUbud/Q==}
    engines: {node: '>=12'}
    cpu: [x64]
    os: [netbsd]
    requiresBuild: true
    dev: false
    optional: true

  /@esbuild/openbsd-x64@0.18.11:
    resolution: {integrity: sha512-tNBq+6XIBZtht0xJGv7IBB5XaSyvYPCm1PxJ33zLQONdZoLVM0bgGqUrXnJyiEguD9LU4AHiu+GCXy/Hm9LsdQ==}
    engines: {node: '>=12'}
    cpu: [x64]
    os: [openbsd]
    requiresBuild: true
    dev: false
    optional: true

  /@esbuild/sunos-x64@0.18.11:
    resolution: {integrity: sha512-kxfbDOrH4dHuAAOhr7D7EqaYf+W45LsAOOhAet99EyuxxQmjbk8M9N4ezHcEiCYPaiW8Dj3K26Z2V17Gt6p3ng==}
    engines: {node: '>=12'}
    cpu: [x64]
    os: [sunos]
    requiresBuild: true
    dev: false
    optional: true

  /@esbuild/win32-arm64@0.18.11:
    resolution: {integrity: sha512-Sh0dDRyk1Xi348idbal7lZyfSkjhJsdFeuC13zqdipsvMetlGiFQNdO+Yfp6f6B4FbyQm7qsk16yaZk25LChzg==}
    engines: {node: '>=12'}
    cpu: [arm64]
    os: [win32]
    requiresBuild: true
    dev: false
    optional: true

  /@esbuild/win32-ia32@0.18.11:
    resolution: {integrity: sha512-o9JUIKF1j0rqJTFbIoF4bXj6rvrTZYOrfRcGyL0Vm5uJ/j5CkBD/51tpdxe9lXEDouhRgdr/BYzUrDOvrWwJpg==}
    engines: {node: '>=12'}
    cpu: [ia32]
    os: [win32]
    requiresBuild: true
    dev: false
    optional: true

  /@esbuild/win32-x64@0.18.11:
    resolution: {integrity: sha512-rQI4cjLHd2hGsM1LqgDI7oOCYbQ6IBOVsX9ejuRMSze0GqXUG2ekwiKkiBU1pRGSeCqFFHxTrcEydB2Hyoz9CA==}
    engines: {node: '>=12'}
    cpu: [x64]
    os: [win32]
    requiresBuild: true
    dev: false
    optional: true

  /@pixi/accessibility@7.2.4(@pixi/core@7.2.4)(@pixi/display@7.2.4)(@pixi/events@7.2.4):
    resolution: {integrity: sha512-EVjuqUqv9FeYFXCv0S0qj1hgCtbAMNBPCbOGEtiMogpM++/IySxBZvcOYg3rRgo9inwt2s4Bi7kUiqMPD8hItw==}
    peerDependencies:
      '@pixi/core': 7.2.4
      '@pixi/display': 7.2.4
      '@pixi/events': 7.2.4
    dependencies:
      '@pixi/core': 7.2.4
      '@pixi/display': 7.2.4(@pixi/core@7.2.4)
      '@pixi/events': 7.2.4(@pixi/core@7.2.4)(@pixi/display@7.2.4)
    dev: false

  /@pixi/app@7.2.4(@pixi/core@7.2.4)(@pixi/display@7.2.4):
    resolution: {integrity: sha512-eJ2jpu5P28ip07nLItw6sETXn45P4KR/leMJ6zPHRlhT1m8t5zTsWr3jK4Uj8LF2E+6KlPNzLQh5Alf/unn/aQ==}
    peerDependencies:
      '@pixi/core': 7.2.4
      '@pixi/display': 7.2.4
    dependencies:
      '@pixi/core': 7.2.4
      '@pixi/display': 7.2.4(@pixi/core@7.2.4)
    dev: false

  /@pixi/assets@7.2.4(@pixi/core@7.2.4)(@pixi/utils@7.2.4):
    resolution: {integrity: sha512-7199re3wvMAlVqXLaCyAr8IkJSXqkeVAxcYyB2rBu4Id5m2hhlGX1dQsdMBiCXLwu6/LLVqDvJggSNVQBzL6ZQ==}
    peerDependencies:
      '@pixi/core': 7.2.4
      '@pixi/utils': 7.2.4
    dependencies:
      '@pixi/core': 7.2.4
      '@pixi/utils': 7.2.4
      '@types/css-font-loading-module': 0.0.7
    dev: false

  /@pixi/color@7.2.4:
    resolution: {integrity: sha512-B/+9JRcXe2uE8wQfsueFRPZVayF2VEMRB7XGeRAsWCryOX19nmWhv0Nt3nOU2rvzI0niz9XgugJXsB6vVmDFSg==}
    dependencies:
      colord: 2.9.3
    dev: false

  /@pixi/compressed-textures@7.2.4(@pixi/assets@7.2.4)(@pixi/core@7.2.4):
    resolution: {integrity: sha512-atnWyw/ot/Wg69qhgskKiuTYCZx15IxV35sa0KyXMthyjyvDLCIvOn0nczM6wCBy9H96SjJbfgynVWhVrip6qw==}
    peerDependencies:
      '@pixi/assets': 7.2.4
      '@pixi/core': 7.2.4
    dependencies:
      '@pixi/assets': 7.2.4(@pixi/core@7.2.4)(@pixi/utils@7.2.4)
      '@pixi/core': 7.2.4
    dev: false

  /@pixi/constants@7.2.4:
    resolution: {integrity: sha512-hKuHBWR6N4Q0Sf5MGF3/9l+POg/G5rqhueHfzofiuelnKg7aBs3BVjjZ+6hZbd6M++vOUmxYelEX/NEFBxrheA==}
    dev: false

  /@pixi/core@7.2.4:
    resolution: {integrity: sha512-0XtvrfxHlS2T+beBBSpo7GI8+QLyyTqMVQpNmPqB4woYxzrOEJ9JaUFBaBfCvycLeUkfVih1u6HAbtF+2d1EjQ==}
    dependencies:
      '@pixi/color': 7.2.4
      '@pixi/constants': 7.2.4
      '@pixi/extensions': 7.2.4
      '@pixi/math': 7.2.4
      '@pixi/runner': 7.2.4
      '@pixi/settings': 7.2.4
      '@pixi/ticker': 7.2.4
      '@pixi/utils': 7.2.4
      '@types/offscreencanvas': 2019.7.0
    dev: false

  /@pixi/display@7.2.4(@pixi/core@7.2.4):
    resolution: {integrity: sha512-w5tqb8cWEO5qIDaO9GEqRvxYhL0iMk0Wsngw23bbLm1gLEQmrFkB2tpJlRAqd7H82C3DrDDeWvkrrxW6+m4apg==}
    peerDependencies:
      '@pixi/core': 7.2.4
    dependencies:
      '@pixi/core': 7.2.4
    dev: false

  /@pixi/events@7.2.4(@pixi/core@7.2.4)(@pixi/display@7.2.4):
    resolution: {integrity: sha512-/JtmoB98fzIU8giN9xvlRvmvOi6u4MaD2DnKNOMHkQ1MBraj3pmrXM9fZ0JbNzi+324GraAAY76QidgHjIYoYQ==}
    peerDependencies:
      '@pixi/core': 7.2.4
      '@pixi/display': 7.2.4
    dependencies:
      '@pixi/core': 7.2.4
      '@pixi/display': 7.2.4(@pixi/core@7.2.4)
    dev: false

  /@pixi/extensions@7.2.4:
    resolution: {integrity: sha512-Mnqv9scbL1ARD3QFKfOWs2aSVJJfP1dL8g5UiqGImYO3rZbz/9QCzXOeMVIZ5n3iaRyKMNhFFr84/zUja2H7Dw==}
    dev: false

  /@pixi/extract@7.2.4(@pixi/core@7.2.4):
    resolution: {integrity: sha512-wlXZg+J2L/1jQhRi5nZQP/cXshovhjksjss91eAKMvY5aGxNAQovCP4xotJ/XJjfTvPMpeRzHPFYzm3PrOPQ7g==}
    peerDependencies:
      '@pixi/core': 7.2.4
    dependencies:
      '@pixi/core': 7.2.4
    dev: false

  /@pixi/filter-alpha@7.2.4(@pixi/core@7.2.4):
    resolution: {integrity: sha512-UTUMSGyktUr+I9vmigqJo9iUhb0nwGyqTTME2xBWZvVGCnl5z+/wHxvIBBCe5pNZ66IM15pGXQ4cDcfqCuP2kA==}
    peerDependencies:
      '@pixi/core': 7.2.4
    dependencies:
      '@pixi/core': 7.2.4
    dev: false

  /@pixi/filter-blur@7.2.4(@pixi/core@7.2.4):
    resolution: {integrity: sha512-aLyXIoxy14bTansCPtbY8x7Sdn2OrrqkF/pcKiRXHJGGhi7wPacvB/NcmYJdnI/n2ExQ6V5Njuj/nfrsejVwcA==}
    peerDependencies:
      '@pixi/core': 7.2.4
    dependencies:
      '@pixi/core': 7.2.4
    dev: false

  /@pixi/filter-color-matrix@7.2.4(@pixi/core@7.2.4):
    resolution: {integrity: sha512-DFtayybYXoUh73eHUFRK5REbi1t3FZuVUnaQTj+euHKF9L7EaYc3Q9wctpx1WPRcwkqEX50M4SNFhxpA7Pxtaw==}
    peerDependencies:
      '@pixi/core': 7.2.4
    dependencies:
      '@pixi/core': 7.2.4
    dev: false

  /@pixi/filter-displacement@7.2.4(@pixi/core@7.2.4):
    resolution: {integrity: sha512-Simq3IBJKt7+Gvk4kK7OFkfoeYUMhNhIyATCdeT+Jkdkq5WV7pYnH5hqO0YW7eAHrgjV13yn6t4H/GC4+6LhEA==}
    peerDependencies:
      '@pixi/core': 7.2.4
    dependencies:
      '@pixi/core': 7.2.4
    dev: false

  /@pixi/filter-fxaa@7.2.4(@pixi/core@7.2.4):
    resolution: {integrity: sha512-qzKjdL+Ih18uGTJLg8tT/H+YCsTeGkw2uF7lyKnw/lxGLJQhLWIhM95M9qSNgxbXyW1vp7SbG81a9aAEz2HAhA==}
    peerDependencies:
      '@pixi/core': 7.2.4
    dependencies:
      '@pixi/core': 7.2.4
    dev: false

  /@pixi/filter-noise@7.2.4(@pixi/core@7.2.4):
    resolution: {integrity: sha512-QAU9Ybj2ZQrWM9ZEjTTC0iLnQcuyNoZNRinxSbg1G0yacpmsSb9wvV5ltIZ66+hfY+90+u2Nudt/v9g6pvOdGg==}
    peerDependencies:
      '@pixi/core': 7.2.4
    dependencies:
      '@pixi/core': 7.2.4
    dev: false

  /@pixi/graphics@7.2.4(@pixi/core@7.2.4)(@pixi/display@7.2.4)(@pixi/sprite@7.2.4):
    resolution: {integrity: sha512-3A2EumTjWJgXlDLOyuBrl9b6v1Za/E+/IjOGUIX843HH4NYaf1a2sfDfljx6r3oiDvy+VhuBFmgynRcV5IyA0Q==}
    peerDependencies:
      '@pixi/core': 7.2.4
      '@pixi/display': 7.2.4
      '@pixi/sprite': 7.2.4
    dependencies:
      '@pixi/core': 7.2.4
      '@pixi/display': 7.2.4(@pixi/core@7.2.4)
      '@pixi/sprite': 7.2.4(@pixi/core@7.2.4)(@pixi/display@7.2.4)
    dev: false

  /@pixi/math@7.2.4:
    resolution: {integrity: sha512-LJB+mozyEPllxa0EssFZrKNfVwysfaBun4b2dJKQQInp0DafgbA0j7A+WVg0oe51KhFULTJMpDqbLn/ITFc41A==}
    dev: false

  /@pixi/mesh-extras@7.2.4(@pixi/core@7.2.4)(@pixi/mesh@7.2.4):
    resolution: {integrity: sha512-Lxqq/1E2EmDgjZX8KzjhBy3VvITIQ00arr2ikyHYF1d0XtQTKEYpr8VKzhchqZ5/9DuyTDbDMYGhcxoNXQmZrQ==}
    peerDependencies:
      '@pixi/core': 7.2.4
      '@pixi/mesh': 7.2.4
    dependencies:
      '@pixi/core': 7.2.4
      '@pixi/mesh': 7.2.4(@pixi/core@7.2.4)(@pixi/display@7.2.4)
    dev: false

  /@pixi/mesh@7.2.4(@pixi/core@7.2.4)(@pixi/display@7.2.4):
    resolution: {integrity: sha512-wiALIqcRKib2BqeH9kOA5fOKWN352nqAspgbDa8gA7OyWzmNwqIedIlElixd0oLFOrIN5jOZAdzeKnoYQlt9Aw==}
    peerDependencies:
      '@pixi/core': 7.2.4
      '@pixi/display': 7.2.4
    dependencies:
      '@pixi/core': 7.2.4
      '@pixi/display': 7.2.4(@pixi/core@7.2.4)
    dev: false

  /@pixi/mixin-cache-as-bitmap@7.2.4(@pixi/core@7.2.4)(@pixi/display@7.2.4)(@pixi/sprite@7.2.4):
    resolution: {integrity: sha512-95L/9nzfLHw6GoeqqRl/RjSloKvRt0xrc2inCmjMZvMsFUEtHN2F8IWd1k5vcv0S+83NCreFkJg6nJm1m5AZqg==}
    peerDependencies:
      '@pixi/core': 7.2.4
      '@pixi/display': 7.2.4
      '@pixi/sprite': 7.2.4
    dependencies:
      '@pixi/core': 7.2.4
      '@pixi/display': 7.2.4(@pixi/core@7.2.4)
      '@pixi/sprite': 7.2.4(@pixi/core@7.2.4)(@pixi/display@7.2.4)
    dev: false

  /@pixi/mixin-get-child-by-name@7.2.4(@pixi/display@7.2.4):
    resolution: {integrity: sha512-9g17KgSBEEhkinnKk4dqmxagzHOCPSTvGB6lOopBq4yyXmr/2WVv+QGjuzE0O+p80szQeBJjPBQxzrfBILaSRw==}
    peerDependencies:
      '@pixi/display': 7.2.4
    dependencies:
      '@pixi/display': 7.2.4(@pixi/core@7.2.4)
    dev: false

  /@pixi/mixin-get-global-position@7.2.4(@pixi/core@7.2.4)(@pixi/display@7.2.4):
    resolution: {integrity: sha512-UrAUF2BXCeWtFgR2m+er41Ky7zShT7r228cZkB6ZfYwMeThhwqG5mH68UeCyP6p68JMpT1gjI2DPfeSRY3ecnA==}
    peerDependencies:
      '@pixi/core': 7.2.4
      '@pixi/display': 7.2.4
    dependencies:
      '@pixi/core': 7.2.4
      '@pixi/display': 7.2.4(@pixi/core@7.2.4)
    dev: false

  /@pixi/particle-container@7.2.4(@pixi/core@7.2.4)(@pixi/display@7.2.4)(@pixi/sprite@7.2.4):
    resolution: {integrity: sha512-tpSzilZGFtAoi8XhzL0TecLPNRQAbY8nWV9XNGXJDw+nxXp18GCe8L6eEmnHLlAug67BRHl65DtrdvTknPX+4g==}
    peerDependencies:
      '@pixi/core': 7.2.4
      '@pixi/display': 7.2.4
      '@pixi/sprite': 7.2.4
    dependencies:
      '@pixi/core': 7.2.4
      '@pixi/display': 7.2.4(@pixi/core@7.2.4)
      '@pixi/sprite': 7.2.4(@pixi/core@7.2.4)(@pixi/display@7.2.4)
    dev: false

  /@pixi/prepare@7.2.4(@pixi/core@7.2.4)(@pixi/display@7.2.4)(@pixi/graphics@7.2.4)(@pixi/text@7.2.4):
    resolution: {integrity: sha512-Yff5Sh4kTLdKc5VkkM44LW9gpj7Izw8ns3P1TzWxqeGjzPZ3folr/tQujGL+Qw+8A9VESp+hX9MSIHyw+jpyrg==}
    peerDependencies:
      '@pixi/core': 7.2.4
      '@pixi/display': 7.2.4
      '@pixi/graphics': 7.2.4
      '@pixi/text': 7.2.4
    dependencies:
      '@pixi/core': 7.2.4
      '@pixi/display': 7.2.4(@pixi/core@7.2.4)
      '@pixi/graphics': 7.2.4(@pixi/core@7.2.4)(@pixi/display@7.2.4)(@pixi/sprite@7.2.4)
      '@pixi/text': 7.2.4(@pixi/core@7.2.4)(@pixi/sprite@7.2.4)
    dev: false

  /@pixi/runner@7.2.4:
    resolution: {integrity: sha512-YtyqPk1LA+0guEFKSFx6t/YSvbEQwajFwi4Ft8iDhioa6VK2MmTir1GjWwy7JQYLcDmYSAcQjnmFtVTZohyYSw==}
    dev: false

  /@pixi/settings@7.2.4:
    resolution: {integrity: sha512-ZPKRar9EwibijGmH8EViu4Greq1I/O7V/xQx2rNqN23XA7g09Qo6yfaeQpufu5xl8+/lZrjuHtQSnuY7OgG1CA==}
    dependencies:
      '@pixi/constants': 7.2.4
      '@types/css-font-loading-module': 0.0.7
      ismobilejs: 1.1.1
    dev: false

  /@pixi/sprite-animated@7.2.4(@pixi/core@7.2.4)(@pixi/sprite@7.2.4):
    resolution: {integrity: sha512-9eRriPSC0QVS7U9zQlrG3uEI5+h3fi+mqofXy+yjk1sGCmXSIJME5p2wg2mzxoJk3qkSMagQA9QHtL26Fti8Iw==}
    peerDependencies:
      '@pixi/core': 7.2.4
      '@pixi/sprite': 7.2.4
    dependencies:
      '@pixi/core': 7.2.4
      '@pixi/sprite': 7.2.4(@pixi/core@7.2.4)(@pixi/display@7.2.4)
    dev: false

  /@pixi/sprite-tiling@7.2.4(@pixi/core@7.2.4)(@pixi/display@7.2.4)(@pixi/sprite@7.2.4):
    resolution: {integrity: sha512-nGfxQoACRx49dUN0oW1vFm3141M+7gkAbzoNJym2Pljd2dpLME9fb5E6Lyahu0yWMaPRhhGorn6z9VIGmTF3Jw==}
    peerDependencies:
      '@pixi/core': 7.2.4
      '@pixi/display': 7.2.4
      '@pixi/sprite': 7.2.4
    dependencies:
      '@pixi/core': 7.2.4
      '@pixi/display': 7.2.4(@pixi/core@7.2.4)
      '@pixi/sprite': 7.2.4(@pixi/core@7.2.4)(@pixi/display@7.2.4)
    dev: false

  /@pixi/sprite@7.2.4(@pixi/core@7.2.4)(@pixi/display@7.2.4):
    resolution: {integrity: sha512-DhR1B+/d0eXpxHIesJMXcVPrKFwQ+zRA1LvEIFfzewqfaRN3X6PMIuoKX8SIb6tl+Hq8Ba9Pe28zI7d2rmRzrA==}
    peerDependencies:
      '@pixi/core': 7.2.4
      '@pixi/display': 7.2.4
    dependencies:
      '@pixi/core': 7.2.4
      '@pixi/display': 7.2.4(@pixi/core@7.2.4)
    dev: false

  /@pixi/spritesheet@7.2.4(@pixi/assets@7.2.4)(@pixi/core@7.2.4):
    resolution: {integrity: sha512-LNmlavyiMQeCF0U4S+yhzxUYmPmat6EpLjLnkGukQTZV5CZkxDCVgXM9uKoRF2DvNydj4yuwZ6+JjK8QssHI8Q==}
    peerDependencies:
      '@pixi/assets': 7.2.4
      '@pixi/core': 7.2.4
    dependencies:
      '@pixi/assets': 7.2.4(@pixi/core@7.2.4)(@pixi/utils@7.2.4)
      '@pixi/core': 7.2.4
    dev: false

  /@pixi/text-bitmap@7.2.4(@pixi/assets@7.2.4)(@pixi/core@7.2.4)(@pixi/display@7.2.4)(@pixi/mesh@7.2.4)(@pixi/text@7.2.4):
    resolution: {integrity: sha512-3u2CP4VN+muCaq/jtj7gn0hb3DET/X2S04zTBcgc2WVGufJc62yz+UDzS9jC+ellotVdt9c8U74++vpz3zJGfw==}
    peerDependencies:
      '@pixi/assets': 7.2.4
      '@pixi/core': 7.2.4
      '@pixi/display': 7.2.4
      '@pixi/mesh': 7.2.4
      '@pixi/text': 7.2.4
    dependencies:
      '@pixi/assets': 7.2.4(@pixi/core@7.2.4)(@pixi/utils@7.2.4)
      '@pixi/core': 7.2.4
      '@pixi/display': 7.2.4(@pixi/core@7.2.4)
      '@pixi/mesh': 7.2.4(@pixi/core@7.2.4)(@pixi/display@7.2.4)
      '@pixi/text': 7.2.4(@pixi/core@7.2.4)(@pixi/sprite@7.2.4)
    dev: false

  /@pixi/text-html@7.2.4(@pixi/core@7.2.4)(@pixi/display@7.2.4)(@pixi/sprite@7.2.4)(@pixi/text@7.2.4):
    resolution: {integrity: sha512-0NfLAE/w51ZtatxVqLvDS62iO0VLKsSdctqTAVv4Zlgdk9TKJmX1WUucHJboTvbm2SbDjNDGfZ6qXM5nAslIDQ==}
    peerDependencies:
      '@pixi/core': 7.2.4
      '@pixi/display': 7.2.4
      '@pixi/sprite': 7.2.4
      '@pixi/text': 7.2.4
    dependencies:
      '@pixi/core': 7.2.4
      '@pixi/display': 7.2.4(@pixi/core@7.2.4)
      '@pixi/sprite': 7.2.4(@pixi/core@7.2.4)(@pixi/display@7.2.4)
      '@pixi/text': 7.2.4(@pixi/core@7.2.4)(@pixi/sprite@7.2.4)
    dev: false

  /@pixi/text@7.2.4(@pixi/core@7.2.4)(@pixi/sprite@7.2.4):
    resolution: {integrity: sha512-DGu7ktpe+zHhqR2sG9NsJt4mgvSObv5EqXTtUxD4Z0li1gmqF7uktpLyn5I6vSg1TTEL4TECClRDClVDGiykWw==}
    peerDependencies:
      '@pixi/core': 7.2.4
      '@pixi/sprite': 7.2.4
    dependencies:
      '@pixi/core': 7.2.4
      '@pixi/sprite': 7.2.4(@pixi/core@7.2.4)(@pixi/display@7.2.4)
    dev: false

  /@pixi/ticker@7.2.4:
    resolution: {integrity: sha512-hQQHIHvGeFsP4GNezZqjzuhUgNQEVgCH9+qU05UX1Mc5UHC9l6OJnY4VTVhhcHxZjA6RnyaY+1zBxCnoXuazpg==}
    dependencies:
      '@pixi/extensions': 7.2.4
      '@pixi/settings': 7.2.4
      '@pixi/utils': 7.2.4
    dev: false

  /@pixi/utils@7.2.4:
    resolution: {integrity: sha512-VUGQHBOINIS4ePzoqafwxaGPVRTa3oM/mEutIIHbNGI3b+QvSO+1Dnk40M0zcH6Bo+MxQZbOZK5X/wO9oU5+LQ==}
    dependencies:
      '@pixi/color': 7.2.4
      '@pixi/constants': 7.2.4
      '@pixi/settings': 7.2.4
      '@types/earcut': 2.1.1
      earcut: 2.2.4
      eventemitter3: 4.0.7
      url: 0.11.1
    dev: false

  /@types/css-font-loading-module@0.0.7:
    resolution: {integrity: sha512-nl09VhutdjINdWyXxHWN/w9zlNCfr60JUqJbd24YXUuCwgeL0TpFSdElCwb6cxfB6ybE19Gjj4g0jsgkXxKv1Q==}
    dev: false

  /@types/deep-equal@1.0.1:
    resolution: {integrity: sha512-mMUu4nWHLBlHtxXY17Fg6+ucS/MnndyOWyOe7MmwkoMYxvfQU2ajtRaEvqSUv+aVkMqH/C0NCI8UoVfRNQ10yg==}
    dev: false

  /@types/earcut@2.1.1:
    resolution: {integrity: sha512-w8oigUCDjElRHRRrMvn/spybSMyX8MTkKA5Dv+tS1IE/TgmNZPqUYtvYBXGY8cieSE66gm+szeK+bnbxC2xHTQ==}
    dev: false

  /@types/node@20.4.1:
    resolution: {integrity: sha512-JIzsAvJeA/5iY6Y/OxZbv1lUcc8dNSE77lb2gnBH+/PJ3lFR1Ccvgwl5JWnHAkNHcRsT0TbpVOsiMKZ1F/yyJg==}
    dev: false

  /@types/object-hash@3.0.2:
    resolution: {integrity: sha512-tfyXl1JPCf2hzIDK29gO7qGqJjThKBzg/Cn3bA68R9NmWdOx+f7k5mm4to/n43BHspCwcoUC6FU4NpUoK/h9bQ==}
    dev: false

  /@types/offscreencanvas@2019.7.0:
    resolution: {integrity: sha512-PGcyveRIpL1XIqK8eBsmRBt76eFgtzuPiSTyKHZxnGemp2yzGzWpjYKAfK3wIMiU7eH+851yEpiuP8JZerTmWg==}
    dev: false

  /@types/prop-types@15.7.5:
    resolution: {integrity: sha512-JCB8C6SnDoQf0cNycqd/35A7MjcnK+ZTqE7judS6o7utxUCg6imJg3QK2qzHKszlTjcj2cn+NwMB2i96ubpj7w==}
    dev: false

  /@types/react-dom@18.2.6:
    resolution: {integrity: sha512-2et4PDvg6PVCyS7fuTc4gPoksV58bW0RwSxWKcPRcHZf0PRUGq03TKcD/rUHe3azfV6/5/biUBJw+HhCQjaP0A==}
    dependencies:
      '@types/react': 18.2.14
    dev: false

  /@types/react@18.2.14:
    resolution: {integrity: sha512-A0zjq+QN/O0Kpe30hA1GidzyFjatVvrpIvWLxD+xv67Vt91TWWgco9IvrJBkeyHm1trGaFS/FSGqPlhyeZRm0g==}
    dependencies:
      '@types/prop-types': 15.7.5
      '@types/scheduler': 0.16.3
      csstype: 3.1.2
    dev: false

  /@types/scheduler@0.16.3:
    resolution: {integrity: sha512-5cJ8CB4yAx7BH1oMvdU0Jh9lrEXyPkar6F9G/ERswkCuvP4KQZfZkSjcMbAICCpQTN4OuZn8tz0HiKv9TGZgrQ==}
    dev: false

  /@types/uuid@9.0.2:
    resolution: {integrity: sha512-kNnC1GFBLuhImSnV7w4njQkUiJi0ZXUycu1rUaouPqiKlXkh77JKgdRnTAp1x5eBwcIwbtI+3otwzuIDEuDoxQ==}
    dev: false

  /array-buffer-byte-length@1.0.0:
    resolution: {integrity: sha512-LPuwb2P+NrQw3XhxGc36+XSvuBPopovXYTR9Ew++Du9Yb/bx5AzBfrIsBoj0EZUifjQU+sHL21sseZ3jerWO/A==}
    dependencies:
      call-bind: 1.0.2
      is-array-buffer: 3.0.2
    dev: false

  /available-typed-arrays@1.0.5:
    resolution: {integrity: sha512-DMD0KiN46eipeziST1LPP/STfDU0sufISXmjSgvVsoU2tqxctQeASejWcfNtxYKqETM1UxQ8sp2OrSBWpHY6sw==}
    engines: {node: '>= 0.4'}
    dev: false

  /call-bind@1.0.2:
    resolution: {integrity: sha512-7O+FbCihrB5WGbFYesctwmTKae6rOiIzmz1icreWJ+0aA7LJfuqhEso2T9ncpcFtzMQtzXf2QGGueWJGTYsqrA==}
    dependencies:
      function-bind: 1.1.1
      get-intrinsic: 1.2.1
    dev: false

  /colord@2.9.3:
    resolution: {integrity: sha512-jeC1axXpnb0/2nn/Y1LPuLdgXBLH7aDcHu4KEKfqw3CUhX7ZpfBSlPKyqXE6btIgEzfWtrX3/tyBCaCvXvMkOw==}
    dev: false

  /csstype@3.1.2:
    resolution: {integrity: sha512-I7K1Uu0MBPzaFKg4nI5Q7Vs2t+3gWWW648spaF+Rg7pI9ds18Ugn+lvg4SHczUdKlHI5LWBXyqfS8+DufyBsgQ==}
    dev: false

  /deep-equal@2.2.2:
    resolution: {integrity: sha512-xjVyBf0w5vH0I42jdAZzOKVldmPgSulmiyPRywoyq7HXC9qdgo17kxJE+rdnif5Tz6+pIrpJI8dCpMNLIGkUiA==}
    dependencies:
      array-buffer-byte-length: 1.0.0
      call-bind: 1.0.2
      es-get-iterator: 1.1.3
      get-intrinsic: 1.2.1
      is-arguments: 1.1.1
      is-array-buffer: 3.0.2
      is-date-object: 1.0.5
      is-regex: 1.1.4
      is-shared-array-buffer: 1.0.2
      isarray: 2.0.5
      object-is: 1.1.5
      object-keys: 1.1.1
      object.assign: 4.1.4
      regexp.prototype.flags: 1.5.0
      side-channel: 1.0.4
      which-boxed-primitive: 1.0.2
      which-collection: 1.0.1
      which-typed-array: 1.1.10
    dev: false

  /define-properties@1.2.0:
    resolution: {integrity: sha512-xvqAVKGfT1+UAvPwKTVw/njhdQ8ZhXK4lI0bCIuCMrp2up9nPnaDftrLtmpTazqd1o+UY4zgzU+avtMbDP+ldA==}
    engines: {node: '>= 0.4'}
    dependencies:
      has-property-descriptors: 1.0.0
      object-keys: 1.1.1
    dev: false

  /earcut@2.2.4:
    resolution: {integrity: sha512-/pjZsA1b4RPHbeWZQn66SWS8nZZWLQQ23oE3Eam7aroEFGEvwKAsJfZ9ytiEMycfzXWpca4FA9QIOehf7PocBQ==}
    dev: false

  /es-get-iterator@1.1.3:
    resolution: {integrity: sha512-sPZmqHBe6JIiTfN5q2pEi//TwxmAFHwj/XEuYjTuse78i8KxaqMTTzxPoFKuzRpDpTJ+0NAbpfenkmH2rePtuw==}
    dependencies:
      call-bind: 1.0.2
      get-intrinsic: 1.2.1
      has-symbols: 1.0.3
      is-arguments: 1.1.1
      is-map: 2.0.2
      is-set: 2.0.2
      is-string: 1.0.7
      isarray: 2.0.5
      stop-iteration-iterator: 1.0.0
    dev: false

  /esbuild@0.18.11:
    resolution: {integrity: sha512-i8u6mQF0JKJUlGR3OdFLKldJQMMs8OqM9Cc3UCi9XXziJ9WERM5bfkHaEAy0YAvPRMgqSW55W7xYn84XtEFTtA==}
    engines: {node: '>=12'}
    hasBin: true
    requiresBuild: true
    optionalDependencies:
      '@esbuild/android-arm': 0.18.11
      '@esbuild/android-arm64': 0.18.11
      '@esbuild/android-x64': 0.18.11
      '@esbuild/darwin-arm64': 0.18.11
      '@esbuild/darwin-x64': 0.18.11
      '@esbuild/freebsd-arm64': 0.18.11
      '@esbuild/freebsd-x64': 0.18.11
      '@esbuild/linux-arm': 0.18.11
      '@esbuild/linux-arm64': 0.18.11
      '@esbuild/linux-ia32': 0.18.11
      '@esbuild/linux-loong64': 0.18.11
      '@esbuild/linux-mips64el': 0.18.11
      '@esbuild/linux-ppc64': 0.18.11
      '@esbuild/linux-riscv64': 0.18.11
      '@esbuild/linux-s390x': 0.18.11
      '@esbuild/linux-x64': 0.18.11
      '@esbuild/netbsd-x64': 0.18.11
      '@esbuild/openbsd-x64': 0.18.11
      '@esbuild/sunos-x64': 0.18.11
      '@esbuild/win32-arm64': 0.18.11
      '@esbuild/win32-ia32': 0.18.11
      '@esbuild/win32-x64': 0.18.11
    dev: false

  /eventemitter3@4.0.7:
    resolution: {integrity: sha512-8guHBZCwKnFhYdHr2ysuRWErTwhoN2X8XELRlrRwpmfeY2jjuUN4taQMsULKUVo1K4DvZl+0pgfyoysHxvmvEw==}
    dev: false

  /follow-redirects@1.15.2:
    resolution: {integrity: sha512-VQLG33o04KaQ8uYi2tVNbdrWp1QWxNNea+nmIB4EVM28v0hmP17z7aG1+wAkNzVq4KeXTq3221ye5qTJP91JwA==}
    engines: {node: '>=4.0'}
    peerDependencies:
      debug: '*'
    peerDependenciesMeta:
      debug:
        optional: true
    dev: false

  /for-each@0.3.3:
    resolution: {integrity: sha512-jqYfLp7mo9vIyQf8ykW2v7A+2N4QjeCeI5+Dz9XraiO1ign81wjiH7Fb9vSOWvQfNtmSa4H2RoQTrrXivdUZmw==}
    dependencies:
      is-callable: 1.2.7
    dev: false

  /function-bind@1.1.1:
    resolution: {integrity: sha512-yIovAzMX49sF8Yl58fSCWJ5svSLuaibPxXQJFLmBObTuCr0Mf1KiPopGM9NiFjiYBCbfaa2Fh6breQ6ANVTI0A==}
    dev: false

  /functions-have-names@1.2.3:
    resolution: {integrity: sha512-xckBUXyTIqT97tq2x2AMb+g163b5JFysYk0x4qxNFwbfQkmNZoiRHb6sPzI9/QV33WeuvVYBUIiD4NzNIyqaRQ==}
    dev: false

  /get-intrinsic@1.2.1:
    resolution: {integrity: sha512-2DcsyfABl+gVHEfCOaTrWgyt+tb6MSEGmKq+kI5HwLbIYgjgmMcV8KQ41uaKz1xxUcn9tJtgFbQUEVcEbd0FYw==}
    dependencies:
      function-bind: 1.1.1
      has: 1.0.3
      has-proto: 1.0.1
      has-symbols: 1.0.3
    dev: false

  /gopd@1.0.1:
    resolution: {integrity: sha512-d65bNlIadxvpb/A2abVdlqKqV563juRnZ1Wtk6s1sIR8uNsXR70xqIzVqxVf1eTqDunwT2MkczEeaezCKTZhwA==}
    dependencies:
      get-intrinsic: 1.2.1
    dev: false

  /has-bigints@1.0.2:
    resolution: {integrity: sha512-tSvCKtBr9lkF0Ex0aQiP9N+OpV4zi2r/Nee5VkRDbaqv35RLYMzbwQfFSZZH0kR+Rd6302UJZ2p/bJCEoR3VoQ==}
    dev: false

  /has-property-descriptors@1.0.0:
    resolution: {integrity: sha512-62DVLZGoiEBDHQyqG4w9xCuZ7eJEwNmJRWw2VY84Oedb7WFcA27fiEVe8oUQx9hAUJ4ekurquucTGwsyO1XGdQ==}
    dependencies:
      get-intrinsic: 1.2.1
    dev: false

  /has-proto@1.0.1:
    resolution: {integrity: sha512-7qE+iP+O+bgF9clE5+UoBFzE65mlBiVj3tKCrlNQ0Ogwm0BjpT/gK4SlLYDMybDh5I3TCTKnPPa0oMG7JDYrhg==}
    engines: {node: '>= 0.4'}
    dev: false

  /has-symbols@1.0.3:
    resolution: {integrity: sha512-l3LCuF6MgDNwTDKkdYGEihYjt5pRPbEg46rtlmnSPlUbgmB8LOIrKJbYYFBSbnPaJexMKtiPO8hmeRjRz2Td+A==}
    engines: {node: '>= 0.4'}
    dev: false

  /has-tostringtag@1.0.0:
    resolution: {integrity: sha512-kFjcSNhnlGV1kyoGk7OXKSawH5JOb/LzUc5w9B02hOTO0dfFRjbHQKvg1d6cf3HbeUmtU9VbbV3qzZ2Teh97WQ==}
    engines: {node: '>= 0.4'}
    dependencies:
      has-symbols: 1.0.3
    dev: false

  /has@1.0.3:
    resolution: {integrity: sha512-f2dvO0VU6Oej7RkWJGrehjbzMAjFp5/VKPp5tTpWIV4JHHZK1/BxbFRtf/siA2SWTe09caDmVtYYzWEIbBS4zw==}
    engines: {node: '>= 0.4.0'}
    dependencies:
      function-bind: 1.1.1
    dev: false

  /http-proxy@1.18.1:
    resolution: {integrity: sha512-7mz/721AbnJwIVbnaSv1Cz3Am0ZLT/UBwkC92VlxhXv/k/BBQfM2fXElQNC27BVGr0uwUpplYPQM9LnaBMR5NQ==}
    engines: {node: '>=8.0.0'}
    dependencies:
      eventemitter3: 4.0.7
      follow-redirects: 1.15.2
      requires-port: 1.0.0
    transitivePeerDependencies:
      - debug
    dev: false

  /internal-slot@1.0.5:
    resolution: {integrity: sha512-Y+R5hJrzs52QCG2laLn4udYVnxsfny9CpOhNhUvk/SSSVyF6T27FzRbF0sroPidSu3X8oEAkOn2K804mjpt6UQ==}
    engines: {node: '>= 0.4'}
    dependencies:
      get-intrinsic: 1.2.1
      has: 1.0.3
      side-channel: 1.0.4
    dev: false

  /is-arguments@1.1.1:
    resolution: {integrity: sha512-8Q7EARjzEnKpt/PCD7e1cgUS0a6X8u5tdSiMqXhojOdoV9TsMsiO+9VLC5vAmO8N7/GmXn7yjR8qnA6bVAEzfA==}
    engines: {node: '>= 0.4'}
    dependencies:
      call-bind: 1.0.2
      has-tostringtag: 1.0.0
    dev: false

  /is-array-buffer@3.0.2:
    resolution: {integrity: sha512-y+FyyR/w8vfIRq4eQcM1EYgSTnmHXPqaF+IgzgraytCFq5Xh8lllDVmAZolPJiZttZLeFSINPYMaEJ7/vWUa1w==}
    dependencies:
      call-bind: 1.0.2
      get-intrinsic: 1.2.1
      is-typed-array: 1.1.10
    dev: false

  /is-bigint@1.0.4:
    resolution: {integrity: sha512-zB9CruMamjym81i2JZ3UMn54PKGsQzsJeo6xvN3HJJ4CAsQNB6iRutp2To77OfCNuoxspsIhzaPoO1zyCEhFOg==}
    dependencies:
      has-bigints: 1.0.2
    dev: false

  /is-boolean-object@1.1.2:
    resolution: {integrity: sha512-gDYaKHJmnj4aWxyj6YHyXVpdQawtVLHU5cb+eztPGczf6cjuTdwve5ZIEfgXqH4e57An1D1AKf8CZ3kYrQRqYA==}
    engines: {node: '>= 0.4'}
    dependencies:
      call-bind: 1.0.2
      has-tostringtag: 1.0.0
    dev: false

  /is-callable@1.2.7:
    resolution: {integrity: sha512-1BC0BVFhS/p0qtw6enp8e+8OD0UrK0oFLztSjNzhcKA3WDuJxxAPXzPuPtKkjEY9UUoEWlX/8fgKeu2S8i9JTA==}
    engines: {node: '>= 0.4'}
    dev: false

  /is-date-object@1.0.5:
    resolution: {integrity: sha512-9YQaSxsAiSwcvS33MBk3wTCVnWK+HhF8VZR2jRxehM16QcVOdHqPn4VPHmRK4lSr38n9JriurInLcP90xsYNfQ==}
    engines: {node: '>= 0.4'}
    dependencies:
      has-tostringtag: 1.0.0
    dev: false

  /is-map@2.0.2:
    resolution: {integrity: sha512-cOZFQQozTha1f4MxLFzlgKYPTyj26picdZTx82hbc/Xf4K/tZOOXSCkMvU4pKioRXGDLJRn0GM7Upe7kR721yg==}
    dev: false

  /is-number-object@1.0.7:
    resolution: {integrity: sha512-k1U0IRzLMo7ZlYIfzRu23Oh6MiIFasgpb9X76eqfFZAqwH44UI4KTBvBYIZ1dSL9ZzChTB9ShHfLkR4pdW5krQ==}
    engines: {node: '>= 0.4'}
    dependencies:
      has-tostringtag: 1.0.0
    dev: false

  /is-regex@1.1.4:
    resolution: {integrity: sha512-kvRdxDsxZjhzUX07ZnLydzS1TU/TJlTUHHY4YLL87e37oUA49DfkLqgy+VjFocowy29cKvcSiu+kIv728jTTVg==}
    engines: {node: '>= 0.4'}
    dependencies:
      call-bind: 1.0.2
      has-tostringtag: 1.0.0
    dev: false

  /is-set@2.0.2:
    resolution: {integrity: sha512-+2cnTEZeY5z/iXGbLhPrOAaK/Mau5k5eXq9j14CpRTftq0pAJu2MwVRSZhyZWBzx3o6X795Lz6Bpb6R0GKf37g==}
    dev: false

  /is-shared-array-buffer@1.0.2:
    resolution: {integrity: sha512-sqN2UDu1/0y6uvXyStCOzyhAjCSlHceFoMKJW8W9EU9cvic/QdsZ0kEU93HEy3IUEFZIiH/3w+AH/UQbPHNdhA==}
    dependencies:
      call-bind: 1.0.2
    dev: false

  /is-string@1.0.7:
    resolution: {integrity: sha512-tE2UXzivje6ofPW7l23cjDOMa09gb7xlAqG6jG5ej6uPV32TlWP3NKPigtaGeHNu9fohccRYvIiZMfOOnOYUtg==}
    engines: {node: '>= 0.4'}
    dependencies:
      has-tostringtag: 1.0.0
    dev: false

  /is-symbol@1.0.4:
    resolution: {integrity: sha512-C/CPBqKWnvdcxqIARxyOh4v1UUEOCHpgDa0WYgpKDFMszcrPcffg5uhwSgPCLD2WWxmq6isisz87tzT01tuGhg==}
    engines: {node: '>= 0.4'}
    dependencies:
      has-symbols: 1.0.3
    dev: false

  /is-typed-array@1.1.10:
    resolution: {integrity: sha512-PJqgEHiWZvMpaFZ3uTc8kHPM4+4ADTlDniuQL7cU/UDA0Ql7F70yGfHph3cLNe+c9toaigv+DFzTJKhc2CtO6A==}
    engines: {node: '>= 0.4'}
    dependencies:
      available-typed-arrays: 1.0.5
      call-bind: 1.0.2
      for-each: 0.3.3
      gopd: 1.0.1
      has-tostringtag: 1.0.0
    dev: false

  /is-weakmap@2.0.1:
    resolution: {integrity: sha512-NSBR4kH5oVj1Uwvv970ruUkCV7O1mzgVFO4/rev2cLRda9Tm9HrL70ZPut4rOHgY0FNrUu9BCbXA2sdQ+x0chA==}
    dev: false

  /is-weakset@2.0.2:
    resolution: {integrity: sha512-t2yVvttHkQktwnNNmBQ98AhENLdPUTDTE21uPqAQ0ARwQfGeQKRVS0NNurH7bTf7RrvcVn1OOge45CnBeHCSmg==}
    dependencies:
      call-bind: 1.0.2
      get-intrinsic: 1.2.1
    dev: false

  /isarray@2.0.5:
    resolution: {integrity: sha512-xHjhDr3cNBK0BzdUJSPXZntQUx/mwMS5Rw4A7lPJ90XGAO6ISP/ePDNuo0vhqOZU+UD5JoodwCAAoZQd3FeAKw==}
    dev: false

  /ismobilejs@1.1.1:
    resolution: {integrity: sha512-VaFW53yt8QO61k2WJui0dHf4SlL8lxBofUuUmwBo0ljPk0Drz2TiuDW4jo3wDcv41qy/SxrJ+VAzJ/qYqsmzRw==}
    dev: false

  /js-tokens@4.0.0:
    resolution: {integrity: sha512-RdJUflcE3cUzKiMqQgsCu06FPu9UdIJO0beYbPhHN4k6apgJtifcoCtT9bcxOpYBtpD2kCM6Sbzg4CausW/PKQ==}
    dev: false

  /loose-envify@1.4.0:
    resolution: {integrity: sha512-lyuxPGr/Wfhrlem2CL/UcnUc1zcqKAImBDzukY7Y5F/yQiNdko6+fRLevlw1HgMySw7f611UIY408EtxRSoK3Q==}
    hasBin: true
    dependencies:
      js-tokens: 4.0.0
    dev: false

  /object-hash@3.0.0:
    resolution: {integrity: sha512-RSn9F68PjH9HqtltsSnqYC1XXoWe9Bju5+213R98cNGttag9q9yAOTzdbsqvIa7aNm5WffBZFpWYr2aWrklWAw==}
    engines: {node: '>= 6'}
    dev: false

  /object-inspect@1.12.3:
    resolution: {integrity: sha512-geUvdk7c+eizMNUDkRpW1wJwgfOiOeHbxBR/hLXK1aT6zmVSO0jsQcs7fj6MGw89jC/cjGfLcNOrtMYtGqm81g==}
    dev: false

  /object-is@1.1.5:
    resolution: {integrity: sha512-3cyDsyHgtmi7I7DfSSI2LDp6SK2lwvtbg0p0R1e0RvTqF5ceGx+K2dfSjm1bKDMVCFEDAQvy+o8c6a7VujOddw==}
    engines: {node: '>= 0.4'}
    dependencies:
      call-bind: 1.0.2
      define-properties: 1.2.0
    dev: false

  /object-keys@1.1.1:
    resolution: {integrity: sha512-NuAESUOUMrlIXOfHKzD6bpPu3tYt3xvjNdRIQ+FeT0lNb4K8WR70CaDxhuNguS2XG+GjkyMwOzsN5ZktImfhLA==}
    engines: {node: '>= 0.4'}
    dev: false

  /object.assign@4.1.4:
    resolution: {integrity: sha512-1mxKf0e58bvyjSCtKYY4sRe9itRk3PJpquJOjeIkz885CczcI4IvJJDLPS72oowuSh+pBxUFROpX+TU++hxhZQ==}
    engines: {node: '>= 0.4'}
    dependencies:
      call-bind: 1.0.2
      define-properties: 1.2.0
      has-symbols: 1.0.3
      object-keys: 1.1.1
    dev: false

  /pixi-viewport@5.0.1:
    resolution: {integrity: sha512-fIILU9xztqGnhGF5SYfjn1Rir/7asWkJ8zSUay2hwzPrdGTWFtB4yiIlZDeFaLf7KHA04RRb2kI01Sy1kNksAw==}
    dev: false

  /pixi.js@7.2.4(@pixi/utils@7.2.4):
    resolution: {integrity: sha512-nBH60meoLnHxoMFz17HoMxXS4uJpG5jwIdL+Gx2S11TzWgP3iKF+/WLOTrkSdyuQoQSdIBxVqpnYii0Wiox15A==}
    dependencies:
      '@pixi/accessibility': 7.2.4(@pixi/core@7.2.4)(@pixi/display@7.2.4)(@pixi/events@7.2.4)
      '@pixi/app': 7.2.4(@pixi/core@7.2.4)(@pixi/display@7.2.4)
      '@pixi/assets': 7.2.4(@pixi/core@7.2.4)(@pixi/utils@7.2.4)
      '@pixi/compressed-textures': 7.2.4(@pixi/assets@7.2.4)(@pixi/core@7.2.4)
      '@pixi/core': 7.2.4
      '@pixi/display': 7.2.4(@pixi/core@7.2.4)
      '@pixi/events': 7.2.4(@pixi/core@7.2.4)(@pixi/display@7.2.4)
      '@pixi/extensions': 7.2.4
      '@pixi/extract': 7.2.4(@pixi/core@7.2.4)
      '@pixi/filter-alpha': 7.2.4(@pixi/core@7.2.4)
      '@pixi/filter-blur': 7.2.4(@pixi/core@7.2.4)
      '@pixi/filter-color-matrix': 7.2.4(@pixi/core@7.2.4)
      '@pixi/filter-displacement': 7.2.4(@pixi/core@7.2.4)
      '@pixi/filter-fxaa': 7.2.4(@pixi/core@7.2.4)
      '@pixi/filter-noise': 7.2.4(@pixi/core@7.2.4)
      '@pixi/graphics': 7.2.4(@pixi/core@7.2.4)(@pixi/display@7.2.4)(@pixi/sprite@7.2.4)
      '@pixi/mesh': 7.2.4(@pixi/core@7.2.4)(@pixi/display@7.2.4)
      '@pixi/mesh-extras': 7.2.4(@pixi/core@7.2.4)(@pixi/mesh@7.2.4)
      '@pixi/mixin-cache-as-bitmap': 7.2.4(@pixi/core@7.2.4)(@pixi/display@7.2.4)(@pixi/sprite@7.2.4)
      '@pixi/mixin-get-child-by-name': 7.2.4(@pixi/display@7.2.4)
      '@pixi/mixin-get-global-position': 7.2.4(@pixi/core@7.2.4)(@pixi/display@7.2.4)
      '@pixi/particle-container': 7.2.4(@pixi/core@7.2.4)(@pixi/display@7.2.4)(@pixi/sprite@7.2.4)
      '@pixi/prepare': 7.2.4(@pixi/core@7.2.4)(@pixi/display@7.2.4)(@pixi/graphics@7.2.4)(@pixi/text@7.2.4)
      '@pixi/sprite': 7.2.4(@pixi/core@7.2.4)(@pixi/display@7.2.4)
      '@pixi/sprite-animated': 7.2.4(@pixi/core@7.2.4)(@pixi/sprite@7.2.4)
      '@pixi/sprite-tiling': 7.2.4(@pixi/core@7.2.4)(@pixi/display@7.2.4)(@pixi/sprite@7.2.4)
      '@pixi/spritesheet': 7.2.4(@pixi/assets@7.2.4)(@pixi/core@7.2.4)
      '@pixi/text': 7.2.4(@pixi/core@7.2.4)(@pixi/sprite@7.2.4)
      '@pixi/text-bitmap': 7.2.4(@pixi/assets@7.2.4)(@pixi/core@7.2.4)(@pixi/display@7.2.4)(@pixi/mesh@7.2.4)(@pixi/text@7.2.4)
      '@pixi/text-html': 7.2.4(@pixi/core@7.2.4)(@pixi/display@7.2.4)(@pixi/sprite@7.2.4)(@pixi/text@7.2.4)
    transitivePeerDependencies:
      - '@pixi/utils'
    dev: false

  /punycode@1.4.1:
    resolution: {integrity: sha512-jmYNElW7yvO7TV33CjSmvSiE2yco3bV2czu/OzDKdMNVZQWfxCblURLhf+47syQRBntjfLdd/H0egrzIG+oaFQ==}
    dev: false

  /qs@6.11.2:
    resolution: {integrity: sha512-tDNIz22aBzCDxLtVH++VnTfzxlfeK5CbqohpSqpJgj1Wg/cQbStNAz3NuqCs5vV+pjBsK4x4pN9HlVh7rcYRiA==}
    engines: {node: '>=0.6'}
    dependencies:
      side-channel: 1.0.4
    dev: false

  /react-dom@18.2.0(react@18.2.0):
    resolution: {integrity: sha512-6IMTriUmvsjHUjNtEDudZfuDQUoWXVxKHhlEGSk81n4YFS+r/Kl99wXiwlVXtPBtJenozv2P+hxDsw9eA7Xo6g==}
    peerDependencies:
      react: ^18.2.0
    dependencies:
      loose-envify: 1.4.0
      react: 18.2.0
      scheduler: 0.23.0
    dev: false

  /react@18.2.0:
    resolution: {integrity: sha512-/3IjMdb2L9QbBdWiW5e3P2/npwMBaU9mHCSCUzNln0ZCYbcfTsGbTJrU/kGemdH2IWmB2ioZ+zkxtmq6g09fGQ==}
    engines: {node: '>=0.10.0'}
    dependencies:
      loose-envify: 1.4.0
    dev: false

  /regexp.prototype.flags@1.5.0:
    resolution: {integrity: sha512-0SutC3pNudRKgquxGoRGIz946MZVHqbNfPjBdxeOhBrdgDKlRoXmYLQN9xRbrR09ZXWeGAdPuif7egofn6v5LA==}
    engines: {node: '>= 0.4'}
    dependencies:
      call-bind: 1.0.2
      define-properties: 1.2.0
      functions-have-names: 1.2.3
    dev: false

  /requires-port@1.0.0:
    resolution: {integrity: sha512-KigOCHcocU3XODJxsu8i/j8T9tzT4adHiecwORRQ0ZZFcp7ahwXuRU1m+yuO90C5ZUyGeGfocHDI14M3L3yDAQ==}
    dev: false

  /scheduler@0.23.0:
    resolution: {integrity: sha512-CtuThmgHNg7zIZWAXi3AsyIzA3n4xx7aNyjwC2VJldO2LMVDhFK+63xGqq6CsJH4rTAt6/M+N4GhZiDYPx9eUw==}
    dependencies:
      loose-envify: 1.4.0
    dev: false

  /side-channel@1.0.4:
    resolution: {integrity: sha512-q5XPytqFEIKHkGdiMIrY10mvLRvnQh42/+GoBlFW3b2LXLE2xxJpZFdm94we0BaoV3RwJyGqg5wS7epxTv0Zvw==}
    dependencies:
      call-bind: 1.0.2
      get-intrinsic: 1.2.1
      object-inspect: 1.12.3
    dev: false

  /stop-iteration-iterator@1.0.0:
    resolution: {integrity: sha512-iCGQj+0l0HOdZ2AEeBADlsRC+vsnDsZsbdSiH1yNSjcfKM7fdpCMfqAL/dwF5BLiw/XhRft/Wax6zQbhq2BcjQ==}
    engines: {node: '>= 0.4'}
    dependencies:
      internal-slot: 1.0.5
    dev: false

  /typescript@5.1.6:
    resolution: {integrity: sha512-zaWCozRZ6DLEWAWFrVDz1H6FVXzUSfTy5FUMWsQlU8Ym5JP9eO4xkTIROFCQvhQf61z6O/G6ugw3SgAnvvm+HA==}
    engines: {node: '>=14.17'}
    hasBin: true
    dev: false

  /url@0.11.1:
    resolution: {integrity: sha512-rWS3H04/+mzzJkv0eZ7vEDGiQbgquI1fGfOad6zKvgYQi1SzMmhl7c/DdRGxhaWrVH6z0qWITo8rpnxK/RfEhA==}
    dependencies:
      punycode: 1.4.1
      qs: 6.11.2
    dev: false

  /uuid@9.0.0:
    resolution: {integrity: sha512-MXcSTerfPa4uqyzStbRoTgt5XIe3x5+42+q1sDuy3R5MDk66URdLMOZe5aPX/SQd+kuYAh0FdP/pO28IkQyTeg==}
    hasBin: true
    dev: false

  /which-boxed-primitive@1.0.2:
    resolution: {integrity: sha512-bwZdv0AKLpplFY2KZRX6TvyuN7ojjr7lwkg6ml0roIy9YeuSr7JS372qlNW18UQYzgYK9ziGcerWqZOmEn9VNg==}
    dependencies:
      is-bigint: 1.0.4
      is-boolean-object: 1.1.2
      is-number-object: 1.0.7
      is-string: 1.0.7
      is-symbol: 1.0.4
    dev: false

  /which-collection@1.0.1:
    resolution: {integrity: sha512-W8xeTUwaln8i3K/cY1nGXzdnVZlidBcagyNFtBdD5kxnb4TvGKR7FfSIS3mYpwWS1QUCutfKz8IY8RjftB0+1A==}
    dependencies:
      is-map: 2.0.2
      is-set: 2.0.2
      is-weakmap: 2.0.1
      is-weakset: 2.0.2
    dev: false

  /which-typed-array@1.1.10:
    resolution: {integrity: sha512-uxoA5vLUfRPdjCuJ1h5LlYdmTLbYfums398v3WLkM+i/Wltl2/XyZpQWKbN++ck5L64SR/grOHqtXCUKmlZPNA==}
    engines: {node: '>= 0.4'}
    dependencies:
      available-typed-arrays: 1.0.5
      call-bind: 1.0.2
      for-each: 0.3.3
      gopd: 1.0.1
      has-tostringtag: 1.0.0
      is-typed-array: 1.1.10
    dev: false
